
Microsoft Visual Studio Solution File, Format Version 12.00
# Visual Studio 15
VisualStudioVersion = 15.0.27004.2008
MinimumVisualStudioVersion = 10.0.40219.1
Project("{FAE04EC0-301F-11D3-BF4B-00C04F79EFBC}") = "Netflix.Android", "Netflix\Netflix.Android\Netflix.Android.csproj", "{FE4CCB7B-BAB9-43B9-BAA6-9A633B345803}"
EndProject
Project("{FAE04EC0-301F-11D3-BF4B-00C04F79EFBC}") = "Netflix", "Netflix\Netflix\Netflix.csproj", "{1577F9D1-2746-4264-AA12-3D30E56FE54E}"
EndProject
Project("{FAE04EC0-301F-11D3-BF4B-00C04F79EFBC}") = "Netflix.UWP", "Netflix\Netflix.UWP\Netflix.UWP.csproj", "{65753231-6360-4219-B76C-04856D9661E7}"
EndProject
Project("{FAE04EC0-301F-11D3-BF4B-00C04F79EFBC}") = "Netflix.iOS", "Netflix\Netflix.iOS\Netflix.iOS.csproj", "{DDD6630A-1BF2-49A2-A392-E3C7DE331D08}"
EndProject
Project("{FAE04EC0-301F-11D3-BF4B-00C04F79EFBC}") = "Netflix.ViewModels", "Netflix.ViewModels\Netflix.ViewModels.csproj", "{FDF392EF-462C-4889-B446-8236D7346D80}"
EndProject
Global
	GlobalSection(SolutionConfigurationPlatforms) = preSolution
		Ad-Hoc|Any CPU = Ad-Hoc|Any CPU
		Ad-Hoc|ARM = Ad-Hoc|ARM
		Ad-Hoc|iPhone = Ad-Hoc|iPhone
		Ad-Hoc|iPhoneSimulator = Ad-Hoc|iPhoneSimulator
		Ad-Hoc|x64 = Ad-Hoc|x64
		Ad-Hoc|x86 = Ad-Hoc|x86
		AppStore|Any CPU = AppStore|Any CPU
		AppStore|ARM = AppStore|ARM
		AppStore|iPhone = AppStore|iPhone
		AppStore|iPhoneSimulator = AppStore|iPhoneSimulator
		AppStore|x64 = AppStore|x64
		AppStore|x86 = AppStore|x86
		Debug|Any CPU = Debug|Any CPU
		Debug|ARM = Debug|ARM
		Debug|iPhone = Debug|iPhone
		Debug|iPhoneSimulator = Debug|iPhoneSimulator
		Debug|x64 = Debug|x64
		Debug|x86 = Debug|x86
		Release|Any CPU = Release|Any CPU
		Release|ARM = Release|ARM
		Release|iPhone = Release|iPhone
		Release|iPhoneSimulator = Release|iPhoneSimulator
		Release|x64 = Release|x64
		Release|x86 = Release|x86
	EndGlobalSection
	GlobalSection(ProjectConfigurationPlatforms) = postSolution
		{FE4CCB7B-BAB9-43B9-BAA6-9A633B345803}.Ad-Hoc|Any CPU.ActiveCfg = Release|Any CPU
		{FE4CCB7B-BAB9-43B9-BAA6-9A633B345803}.Ad-Hoc|Any CPU.Build.0 = Release|Any CPU
		{FE4CCB7B-BAB9-43B9-BAA6-9A633B345803}.Ad-Hoc|Any CPU.Deploy.0 = Release|Any CPU
		{FE4CCB7B-BAB9-43B9-BAA6-9A633B345803}.Ad-Hoc|ARM.ActiveCfg = Release|Any CPU
		{FE4CCB7B-BAB9-43B9-BAA6-9A633B345803}.Ad-Hoc|ARM.Build.0 = Release|Any CPU
		{FE4CCB7B-BAB9-43B9-BAA6-9A633B345803}.Ad-Hoc|ARM.Deploy.0 = Release|Any CPU
		{FE4CCB7B-BAB9-43B9-BAA6-9A633B345803}.Ad-Hoc|iPhone.ActiveCfg = Release|Any CPU
		{FE4CCB7B-BAB9-43B9-BAA6-9A633B345803}.Ad-Hoc|iPhone.Build.0 = Release|Any CPU
		{FE4CCB7B-BAB9-43B9-BAA6-9A633B345803}.Ad-Hoc|iPhone.Deploy.0 = Release|Any CPU
		{FE4CCB7B-BAB9-43B9-BAA6-9A633B345803}.Ad-Hoc|iPhoneSimulator.ActiveCfg = Release|Any CPU
		{FE4CCB7B-BAB9-43B9-BAA6-9A633B345803}.Ad-Hoc|iPhoneSimulator.Build.0 = Release|Any CPU
		{FE4CCB7B-BAB9-43B9-BAA6-9A633B345803}.Ad-Hoc|iPhoneSimulator.Deploy.0 = Release|Any CPU
		{FE4CCB7B-BAB9-43B9-BAA6-9A633B345803}.Ad-Hoc|x64.ActiveCfg = Release|Any CPU
		{FE4CCB7B-BAB9-43B9-BAA6-9A633B345803}.Ad-Hoc|x64.Build.0 = Release|Any CPU
		{FE4CCB7B-BAB9-43B9-BAA6-9A633B345803}.Ad-Hoc|x64.Deploy.0 = Release|Any CPU
		{FE4CCB7B-BAB9-43B9-BAA6-9A633B345803}.Ad-Hoc|x86.ActiveCfg = Release|Any CPU
		{FE4CCB7B-BAB9-43B9-BAA6-9A633B345803}.Ad-Hoc|x86.Build.0 = Release|Any CPU
		{FE4CCB7B-BAB9-43B9-BAA6-9A633B345803}.Ad-Hoc|x86.Deploy.0 = Release|Any CPU
		{FE4CCB7B-BAB9-43B9-BAA6-9A633B345803}.AppStore|Any CPU.ActiveCfg = Release|Any CPU
		{FE4CCB7B-BAB9-43B9-BAA6-9A633B345803}.AppStore|Any CPU.Build.0 = Release|Any CPU
		{FE4CCB7B-BAB9-43B9-BAA6-9A633B345803}.AppStore|Any CPU.Deploy.0 = Release|Any CPU
		{FE4CCB7B-BAB9-43B9-BAA6-9A633B345803}.AppStore|ARM.ActiveCfg = Release|Any CPU
		{FE4CCB7B-BAB9-43B9-BAA6-9A633B345803}.AppStore|ARM.Build.0 = Release|Any CPU
		{FE4CCB7B-BAB9-43B9-BAA6-9A633B345803}.AppStore|ARM.Deploy.0 = Release|Any CPU
		{FE4CCB7B-BAB9-43B9-BAA6-9A633B345803}.AppStore|iPhone.ActiveCfg = Release|Any CPU
		{FE4CCB7B-BAB9-43B9-BAA6-9A633B345803}.AppStore|iPhone.Build.0 = Release|Any CPU
		{FE4CCB7B-BAB9-43B9-BAA6-9A633B345803}.AppStore|iPhone.Deploy.0 = Release|Any CPU
		{FE4CCB7B-BAB9-43B9-BAA6-9A633B345803}.AppStore|iPhoneSimulator.ActiveCfg = Release|Any CPU
		{FE4CCB7B-BAB9-43B9-BAA6-9A633B345803}.AppStore|iPhoneSimulator.Build.0 = Release|Any CPU
		{FE4CCB7B-BAB9-43B9-BAA6-9A633B345803}.AppStore|iPhoneSimulator.Deploy.0 = Release|Any CPU
		{FE4CCB7B-BAB9-43B9-BAA6-9A633B345803}.AppStore|x64.ActiveCfg = Release|Any CPU
		{FE4CCB7B-BAB9-43B9-BAA6-9A633B345803}.AppStore|x64.Build.0 = Release|Any CPU
		{FE4CCB7B-BAB9-43B9-BAA6-9A633B345803}.AppStore|x64.Deploy.0 = Release|Any CPU
		{FE4CCB7B-BAB9-43B9-BAA6-9A633B345803}.AppStore|x86.ActiveCfg = Release|Any CPU
		{FE4CCB7B-BAB9-43B9-BAA6-9A633B345803}.AppStore|x86.Build.0 = Release|Any CPU
		{FE4CCB7B-BAB9-43B9-BAA6-9A633B345803}.AppStore|x86.Deploy.0 = Release|Any CPU
		{FE4CCB7B-BAB9-43B9-BAA6-9A633B345803}.Debug|Any CPU.ActiveCfg = Debug|Any CPU
		{FE4CCB7B-BAB9-43B9-BAA6-9A633B345803}.Debug|Any CPU.Build.0 = Debug|Any CPU
		{FE4CCB7B-BAB9-43B9-BAA6-9A633B345803}.Debug|Any CPU.Deploy.0 = Debug|Any CPU
		{FE4CCB7B-BAB9-43B9-BAA6-9A633B345803}.Debug|ARM.ActiveCfg = Debug|Any CPU
		{FE4CCB7B-BAB9-43B9-BAA6-9A633B345803}.Debug|ARM.Build.0 = Debug|Any CPU
		{FE4CCB7B-BAB9-43B9-BAA6-9A633B345803}.Debug|ARM.Deploy.0 = Debug|Any CPU
		{FE4CCB7B-BAB9-43B9-BAA6-9A633B345803}.Debug|iPhone.ActiveCfg = Debug|Any CPU
		{FE4CCB7B-BAB9-43B9-BAA6-9A633B345803}.Debug|iPhone.Build.0 = Debug|Any CPU
		{FE4CCB7B-BAB9-43B9-BAA6-9A633B345803}.Debug|iPhone.Deploy.0 = Debug|Any CPU
		{FE4CCB7B-BAB9-43B9-BAA6-9A633B345803}.Debug|iPhoneSimulator.ActiveCfg = Debug|Any CPU
		{FE4CCB7B-BAB9-43B9-BAA6-9A633B345803}.Debug|iPhoneSimulator.Build.0 = Debug|Any CPU
		{FE4CCB7B-BAB9-43B9-BAA6-9A633B345803}.Debug|iPhoneSimulator.Deploy.0 = Debug|Any CPU
		{FE4CCB7B-BAB9-43B9-BAA6-9A633B345803}.Debug|x64.ActiveCfg = Debug|Any CPU
		{FE4CCB7B-BAB9-43B9-BAA6-9A633B345803}.Debug|x64.Build.0 = Debug|Any CPU
		{FE4CCB7B-BAB9-43B9-BAA6-9A633B345803}.Debug|x64.Deploy.0 = Debug|Any CPU
		{FE4CCB7B-BAB9-43B9-BAA6-9A633B345803}.Debug|x86.ActiveCfg = Debug|Any CPU
		{FE4CCB7B-BAB9-43B9-BAA6-9A633B345803}.Debug|x86.Build.0 = Debug|Any CPU
		{FE4CCB7B-BAB9-43B9-BAA6-9A633B345803}.Debug|x86.Deploy.0 = Debug|Any CPU
		{FE4CCB7B-BAB9-43B9-BAA6-9A633B345803}.Release|Any CPU.ActiveCfg = Release|Any CPU
		{FE4CCB7B-BAB9-43B9-BAA6-9A633B345803}.Release|Any CPU.Build.0 = Release|Any CPU
		{FE4CCB7B-BAB9-43B9-BAA6-9A633B345803}.Release|Any CPU.Deploy.0 = Release|Any CPU
		{FE4CCB7B-BAB9-43B9-BAA6-9A633B345803}.Release|ARM.ActiveCfg = Release|Any CPU
		{FE4CCB7B-BAB9-43B9-BAA6-9A633B345803}.Release|ARM.Build.0 = Release|Any CPU
		{FE4CCB7B-BAB9-43B9-BAA6-9A633B345803}.Release|ARM.Deploy.0 = Release|Any CPU
		{FE4CCB7B-BAB9-43B9-BAA6-9A633B345803}.Release|iPhone.ActiveCfg = Release|Any CPU
		{FE4CCB7B-BAB9-43B9-BAA6-9A633B345803}.Release|iPhone.Build.0 = Release|Any CPU
		{FE4CCB7B-BAB9-43B9-BAA6-9A633B345803}.Release|iPhone.Deploy.0 = Release|Any CPU
		{FE4CCB7B-BAB9-43B9-BAA6-9A633B345803}.Release|iPhoneSimulator.ActiveCfg = Release|Any CPU
		{FE4CCB7B-BAB9-43B9-BAA6-9A633B345803}.Release|iPhoneSimulator.Build.0 = Release|Any CPU
		{FE4CCB7B-BAB9-43B9-BAA6-9A633B345803}.Release|iPhoneSimulator.Deploy.0 = Release|Any CPU
		{FE4CCB7B-BAB9-43B9-BAA6-9A633B345803}.Release|x64.ActiveCfg = Release|Any CPU
		{FE4CCB7B-BAB9-43B9-BAA6-9A633B345803}.Release|x64.Build.0 = Release|Any CPU
		{FE4CCB7B-BAB9-43B9-BAA6-9A633B345803}.Release|x64.Deploy.0 = Release|Any CPU
		{FE4CCB7B-BAB9-43B9-BAA6-9A633B345803}.Release|x86.ActiveCfg = Release|Any CPU
		{FE4CCB7B-BAB9-43B9-BAA6-9A633B345803}.Release|x86.Build.0 = Release|Any CPU
		{FE4CCB7B-BAB9-43B9-BAA6-9A633B345803}.Release|x86.Deploy.0 = Release|Any CPU
		{1577F9D1-2746-4264-AA12-3D30E56FE54E}.Ad-Hoc|Any CPU.ActiveCfg = Release|Any CPU
		{1577F9D1-2746-4264-AA12-3D30E56FE54E}.Ad-Hoc|Any CPU.Build.0 = Release|Any CPU
		{1577F9D1-2746-4264-AA12-3D30E56FE54E}.Ad-Hoc|ARM.ActiveCfg = Release|Any CPU
		{1577F9D1-2746-4264-AA12-3D30E56FE54E}.Ad-Hoc|ARM.Build.0 = Release|Any CPU
		{1577F9D1-2746-4264-AA12-3D30E56FE54E}.Ad-Hoc|iPhone.ActiveCfg = Release|Any CPU
		{1577F9D1-2746-4264-AA12-3D30E56FE54E}.Ad-Hoc|iPhone.Build.0 = Release|Any CPU
		{1577F9D1-2746-4264-AA12-3D30E56FE54E}.Ad-Hoc|iPhoneSimulator.ActiveCfg = Release|Any CPU
		{1577F9D1-2746-4264-AA12-3D30E56FE54E}.Ad-Hoc|iPhoneSimulator.Build.0 = Release|Any CPU
		{1577F9D1-2746-4264-AA12-3D30E56FE54E}.Ad-Hoc|x64.ActiveCfg = Release|Any CPU
		{1577F9D1-2746-4264-AA12-3D30E56FE54E}.Ad-Hoc|x64.Build.0 = Release|Any CPU
		{1577F9D1-2746-4264-AA12-3D30E56FE54E}.Ad-Hoc|x86.ActiveCfg = Release|Any CPU
		{1577F9D1-2746-4264-AA12-3D30E56FE54E}.Ad-Hoc|x86.Build.0 = Release|Any CPU
		{1577F9D1-2746-4264-AA12-3D30E56FE54E}.AppStore|Any CPU.ActiveCfg = Release|Any CPU
		{1577F9D1-2746-4264-AA12-3D30E56FE54E}.AppStore|Any CPU.Build.0 = Release|Any CPU
		{1577F9D1-2746-4264-AA12-3D30E56FE54E}.AppStore|ARM.ActiveCfg = Release|Any CPU
		{1577F9D1-2746-4264-AA12-3D30E56FE54E}.AppStore|ARM.Build.0 = Release|Any CPU
		{1577F9D1-2746-4264-AA12-3D30E56FE54E}.AppStore|iPhone.ActiveCfg = Release|Any CPU
		{1577F9D1-2746-4264-AA12-3D30E56FE54E}.AppStore|iPhone.Build.0 = Release|Any CPU
		{1577F9D1-2746-4264-AA12-3D30E56FE54E}.AppStore|iPhoneSimulator.ActiveCfg = Release|Any CPU
		{1577F9D1-2746-4264-AA12-3D30E56FE54E}.AppStore|iPhoneSimulator.Build.0 = Release|Any CPU
		{1577F9D1-2746-4264-AA12-3D30E56FE54E}.AppStore|x64.ActiveCfg = Release|Any CPU
		{1577F9D1-2746-4264-AA12-3D30E56FE54E}.AppStore|x64.Build.0 = Release|Any CPU
		{1577F9D1-2746-4264-AA12-3D30E56FE54E}.AppStore|x86.ActiveCfg = Release|Any CPU
		{1577F9D1-2746-4264-AA12-3D30E56FE54E}.AppStore|x86.Build.0 = Release|Any CPU
		{1577F9D1-2746-4264-AA12-3D30E56FE54E}.Debug|Any CPU.ActiveCfg = Debug|Any CPU
		{1577F9D1-2746-4264-AA12-3D30E56FE54E}.Debug|Any CPU.Build.0 = Debug|Any CPU
		{1577F9D1-2746-4264-AA12-3D30E56FE54E}.Debug|ARM.ActiveCfg = Debug|Any CPU
		{1577F9D1-2746-4264-AA12-3D30E56FE54E}.Debug|ARM.Build.0 = Debug|Any CPU
		{1577F9D1-2746-4264-AA12-3D30E56FE54E}.Debug|iPhone.ActiveCfg = Debug|Any CPU
		{1577F9D1-2746-4264-AA12-3D30E56FE54E}.Debug|iPhone.Build.0 = Debug|Any CPU
		{1577F9D1-2746-4264-AA12-3D30E56FE54E}.Debug|iPhoneSimulator.ActiveCfg = Debug|Any CPU
		{1577F9D1-2746-4264-AA12-3D30E56FE54E}.Debug|iPhoneSimulator.Build.0 = Debug|Any CPU
		{1577F9D1-2746-4264-AA12-3D30E56FE54E}.Debug|x64.ActiveCfg = Debug|Any CPU
		{1577F9D1-2746-4264-AA12-3D30E56FE54E}.Debug|x64.Build.0 = Debug|Any CPU
		{1577F9D1-2746-4264-AA12-3D30E56FE54E}.Debug|x86.ActiveCfg = Debug|Any CPU
		{1577F9D1-2746-4264-AA12-3D30E56FE54E}.Debug|x86.Build.0 = Debug|Any CPU
		{1577F9D1-2746-4264-AA12-3D30E56FE54E}.Release|Any CPU.ActiveCfg = Release|Any CPU
		{1577F9D1-2746-4264-AA12-3D30E56FE54E}.Release|Any CPU.Build.0 = Release|Any CPU
		{1577F9D1-2746-4264-AA12-3D30E56FE54E}.Release|ARM.ActiveCfg = Release|Any CPU
		{1577F9D1-2746-4264-AA12-3D30E56FE54E}.Release|ARM.Build.0 = Release|Any CPU
		{1577F9D1-2746-4264-AA12-3D30E56FE54E}.Release|iPhone.ActiveCfg = Release|Any CPU
		{1577F9D1-2746-4264-AA12-3D30E56FE54E}.Release|iPhone.Build.0 = Release|Any CPU
		{1577F9D1-2746-4264-AA12-3D30E56FE54E}.Release|iPhoneSimulator.ActiveCfg = Release|Any CPU
		{1577F9D1-2746-4264-AA12-3D30E56FE54E}.Release|iPhoneSimulator.Build.0 = Release|Any CPU
		{1577F9D1-2746-4264-AA12-3D30E56FE54E}.Release|x64.ActiveCfg = Release|Any CPU
		{1577F9D1-2746-4264-AA12-3D30E56FE54E}.Release|x64.Build.0 = Release|Any CPU
		{1577F9D1-2746-4264-AA12-3D30E56FE54E}.Release|x86.ActiveCfg = Release|Any CPU
		{1577F9D1-2746-4264-AA12-3D30E56FE54E}.Release|x86.Build.0 = Release|Any CPU
		{65753231-6360-4219-B76C-04856D9661E7}.Ad-Hoc|Any CPU.ActiveCfg = Release|x86
		{65753231-6360-4219-B76C-04856D9661E7}.Ad-Hoc|Any CPU.Build.0 = Release|x86
		{65753231-6360-4219-B76C-04856D9661E7}.Ad-Hoc|Any CPU.Deploy.0 = Release|x86
		{65753231-6360-4219-B76C-04856D9661E7}.Ad-Hoc|ARM.ActiveCfg = Release|ARM
		{65753231-6360-4219-B76C-04856D9661E7}.Ad-Hoc|ARM.Build.0 = Release|ARM
		{65753231-6360-4219-B76C-04856D9661E7}.Ad-Hoc|ARM.Deploy.0 = Release|ARM
		{65753231-6360-4219-B76C-04856D9661E7}.Ad-Hoc|iPhone.ActiveCfg = Release|x86
		{65753231-6360-4219-B76C-04856D9661E7}.Ad-Hoc|iPhone.Build.0 = Release|x86
		{65753231-6360-4219-B76C-04856D9661E7}.Ad-Hoc|iPhone.Deploy.0 = Release|x86
		{65753231-6360-4219-B76C-04856D9661E7}.Ad-Hoc|iPhoneSimulator.ActiveCfg = Release|x86
		{65753231-6360-4219-B76C-04856D9661E7}.Ad-Hoc|iPhoneSimulator.Build.0 = Release|x86
		{65753231-6360-4219-B76C-04856D9661E7}.Ad-Hoc|iPhoneSimulator.Deploy.0 = Release|x86
		{65753231-6360-4219-B76C-04856D9661E7}.Ad-Hoc|x64.ActiveCfg = Release|x64
		{65753231-6360-4219-B76C-04856D9661E7}.Ad-Hoc|x64.Build.0 = Release|x64
		{65753231-6360-4219-B76C-04856D9661E7}.Ad-Hoc|x64.Deploy.0 = Release|x64
		{65753231-6360-4219-B76C-04856D9661E7}.Ad-Hoc|x86.ActiveCfg = Release|x86
		{65753231-6360-4219-B76C-04856D9661E7}.Ad-Hoc|x86.Build.0 = Release|x86
		{65753231-6360-4219-B76C-04856D9661E7}.Ad-Hoc|x86.Deploy.0 = Release|x86
		{65753231-6360-4219-B76C-04856D9661E7}.AppStore|Any CPU.ActiveCfg = Release|x86
		{65753231-6360-4219-B76C-04856D9661E7}.AppStore|Any CPU.Build.0 = Release|x86
		{65753231-6360-4219-B76C-04856D9661E7}.AppStore|Any CPU.Deploy.0 = Release|x86
		{65753231-6360-4219-B76C-04856D9661E7}.AppStore|ARM.ActiveCfg = Release|ARM
		{65753231-6360-4219-B76C-04856D9661E7}.AppStore|ARM.Build.0 = Release|ARM
		{65753231-6360-4219-B76C-04856D9661E7}.AppStore|ARM.Deploy.0 = Release|ARM
		{65753231-6360-4219-B76C-04856D9661E7}.AppStore|iPhone.ActiveCfg = Release|x86
		{65753231-6360-4219-B76C-04856D9661E7}.AppStore|iPhone.Build.0 = Release|x86
		{65753231-6360-4219-B76C-04856D9661E7}.AppStore|iPhone.Deploy.0 = Release|x86
		{65753231-6360-4219-B76C-04856D9661E7}.AppStore|iPhoneSimulator.ActiveCfg = Release|x86
		{65753231-6360-4219-B76C-04856D9661E7}.AppStore|iPhoneSimulator.Build.0 = Release|x86
		{65753231-6360-4219-B76C-04856D9661E7}.AppStore|iPhoneSimulator.Deploy.0 = Release|x86
		{65753231-6360-4219-B76C-04856D9661E7}.AppStore|x64.ActiveCfg = Release|x64
		{65753231-6360-4219-B76C-04856D9661E7}.AppStore|x64.Build.0 = Release|x64
		{65753231-6360-4219-B76C-04856D9661E7}.AppStore|x64.Deploy.0 = Release|x64
		{65753231-6360-4219-B76C-04856D9661E7}.AppStore|x86.ActiveCfg = Release|x86
		{65753231-6360-4219-B76C-04856D9661E7}.AppStore|x86.Build.0 = Release|x86
		{65753231-6360-4219-B76C-04856D9661E7}.AppStore|x86.Deploy.0 = Release|x86
		{65753231-6360-4219-B76C-04856D9661E7}.Debug|Any CPU.ActiveCfg = Debug|x86
		{65753231-6360-4219-B76C-04856D9661E7}.Debug|ARM.ActiveCfg = Debug|ARM
		{65753231-6360-4219-B76C-04856D9661E7}.Debug|ARM.Build.0 = Debug|ARM
		{65753231-6360-4219-B76C-04856D9661E7}.Debug|ARM.Deploy.0 = Debug|ARM
		{65753231-6360-4219-B76C-04856D9661E7}.Debug|iPhone.ActiveCfg = Debug|x86
		{65753231-6360-4219-B76C-04856D9661E7}.Debug|iPhoneSimulator.ActiveCfg = Debug|x86
		{65753231-6360-4219-B76C-04856D9661E7}.Debug|x64.ActiveCfg = Debug|x64
		{65753231-6360-4219-B76C-04856D9661E7}.Debug|x64.Build.0 = Debug|x64
		{65753231-6360-4219-B76C-04856D9661E7}.Debug|x64.Deploy.0 = Debug|x64
		{65753231-6360-4219-B76C-04856D9661E7}.Debug|x86.ActiveCfg = Debug|x86
		{65753231-6360-4219-B76C-04856D9661E7}.Debug|x86.Build.0 = Debug|x86
		{65753231-6360-4219-B76C-04856D9661E7}.Debug|x86.Deploy.0 = Debug|x86
		{65753231-6360-4219-B76C-04856D9661E7}.Release|Any CPU.ActiveCfg = Release|x86
		{65753231-6360-4219-B76C-04856D9661E7}.Release|ARM.ActiveCfg = Release|ARM
		{65753231-6360-4219-B76C-04856D9661E7}.Release|ARM.Build.0 = Release|ARM
		{65753231-6360-4219-B76C-04856D9661E7}.Release|ARM.Deploy.0 = Release|ARM
		{65753231-6360-4219-B76C-04856D9661E7}.Release|iPhone.ActiveCfg = Release|x86
		{65753231-6360-4219-B76C-04856D9661E7}.Release|iPhoneSimulator.ActiveCfg = Release|x86
		{65753231-6360-4219-B76C-04856D9661E7}.Release|x64.ActiveCfg = Release|x64
		{65753231-6360-4219-B76C-04856D9661E7}.Release|x64.Build.0 = Release|x64
		{65753231-6360-4219-B76C-04856D9661E7}.Release|x64.Deploy.0 = Release|x64
		{65753231-6360-4219-B76C-04856D9661E7}.Release|x86.ActiveCfg = Release|x86
		{65753231-6360-4219-B76C-04856D9661E7}.Release|x86.Build.0 = Release|x86
		{65753231-6360-4219-B76C-04856D9661E7}.Release|x86.Deploy.0 = Release|x86
		{DDD6630A-1BF2-49A2-A392-E3C7DE331D08}.Ad-Hoc|Any CPU.ActiveCfg = Ad-Hoc|iPhoneSimulator
		{DDD6630A-1BF2-49A2-A392-E3C7DE331D08}.Ad-Hoc|ARM.ActiveCfg = Ad-Hoc|iPhone
		{DDD6630A-1BF2-49A2-A392-E3C7DE331D08}.Ad-Hoc|iPhone.ActiveCfg = Ad-Hoc|iPhone
		{DDD6630A-1BF2-49A2-A392-E3C7DE331D08}.Ad-Hoc|iPhone.Build.0 = Ad-Hoc|iPhone
		{DDD6630A-1BF2-49A2-A392-E3C7DE331D08}.Ad-Hoc|iPhoneSimulator.ActiveCfg = Ad-Hoc|iPhoneSimulator
		{DDD6630A-1BF2-49A2-A392-E3C7DE331D08}.Ad-Hoc|iPhoneSimulator.Build.0 = Ad-Hoc|iPhoneSimulator
		{DDD6630A-1BF2-49A2-A392-E3C7DE331D08}.Ad-Hoc|x64.ActiveCfg = Ad-Hoc|iPhone
		{DDD6630A-1BF2-49A2-A392-E3C7DE331D08}.Ad-Hoc|x86.ActiveCfg = Ad-Hoc|iPhone
		{DDD6630A-1BF2-49A2-A392-E3C7DE331D08}.AppStore|Any CPU.ActiveCfg = AppStore|iPhoneSimulator
		{DDD6630A-1BF2-49A2-A392-E3C7DE331D08}.AppStore|ARM.ActiveCfg = AppStore|iPhone
		{DDD6630A-1BF2-49A2-A392-E3C7DE331D08}.AppStore|iPhone.ActiveCfg = AppStore|iPhone
		{DDD6630A-1BF2-49A2-A392-E3C7DE331D08}.AppStore|iPhone.Build.0 = AppStore|iPhone
		{DDD6630A-1BF2-49A2-A392-E3C7DE331D08}.AppStore|iPhoneSimulator.ActiveCfg = AppStore|iPhoneSimulator
		{DDD6630A-1BF2-49A2-A392-E3C7DE331D08}.AppStore|iPhoneSimulator.Build.0 = AppStore|iPhoneSimulator
		{DDD6630A-1BF2-49A2-A392-E3C7DE331D08}.AppStore|x64.ActiveCfg = AppStore|iPhone
		{DDD6630A-1BF2-49A2-A392-E3C7DE331D08}.AppStore|x86.ActiveCfg = AppStore|iPhone
		{DDD6630A-1BF2-49A2-A392-E3C7DE331D08}.Debug|Any CPU.ActiveCfg = Debug|iPhoneSimulator
		{DDD6630A-1BF2-49A2-A392-E3C7DE331D08}.Debug|ARM.ActiveCfg = Debug|iPhone
		{DDD6630A-1BF2-49A2-A392-E3C7DE331D08}.Debug|iPhone.ActiveCfg = Debug|iPhone
		{DDD6630A-1BF2-49A2-A392-E3C7DE331D08}.Debug|iPhone.Build.0 = Debug|iPhone
		{DDD6630A-1BF2-49A2-A392-E3C7DE331D08}.Debug|iPhoneSimulator.ActiveCfg = Debug|iPhoneSimulator
		{DDD6630A-1BF2-49A2-A392-E3C7DE331D08}.Debug|iPhoneSimulator.Build.0 = Debug|iPhoneSimulator
		{DDD6630A-1BF2-49A2-A392-E3C7DE331D08}.Debug|x64.ActiveCfg = Debug|iPhone
		{DDD6630A-1BF2-49A2-A392-E3C7DE331D08}.Debug|x86.ActiveCfg = Debug|iPhone
		{DDD6630A-1BF2-49A2-A392-E3C7DE331D08}.Release|Any CPU.ActiveCfg = Release|iPhoneSimulator
		{DDD6630A-1BF2-49A2-A392-E3C7DE331D08}.Release|ARM.ActiveCfg = Release|iPhone
		{DDD6630A-1BF2-49A2-A392-E3C7DE331D08}.Release|iPhone.ActiveCfg = Release|iPhone
		{DDD6630A-1BF2-49A2-A392-E3C7DE331D08}.Release|iPhone.Build.0 = Release|iPhone
		{DDD6630A-1BF2-49A2-A392-E3C7DE331D08}.Release|iPhoneSimulator.ActiveCfg = Release|iPhoneSimulator
		{DDD6630A-1BF2-49A2-A392-E3C7DE331D08}.Release|iPhoneSimulator.Build.0 = Release|iPhoneSimulator
		{DDD6630A-1BF2-49A2-A392-E3C7DE331D08}.Release|x64.ActiveCfg = Release|iPhone
		{DDD6630A-1BF2-49A2-A392-E3C7DE331D08}.Release|x86.ActiveCfg = Release|iPhone
		{FDF392EF-462C-4889-B446-8236D7346D80}.Ad-Hoc|Any CPU.ActiveCfg = Release|Any CPU
		{FDF392EF-462C-4889-B446-8236D7346D80}.Ad-Hoc|Any CPU.Build.0 = Release|Any CPU
		{FDF392EF-462C-4889-B446-8236D7346D80}.Ad-Hoc|ARM.ActiveCfg = Release|Any CPU
		{FDF392EF-462C-4889-B446-8236D7346D80}.Ad-Hoc|ARM.Build.0 = Release|Any CPU
		{FDF392EF-462C-4889-B446-8236D7346D80}.Ad-Hoc|iPhone.ActiveCfg = Release|Any CPU
		{FDF392EF-462C-4889-B446-8236D7346D80}.Ad-Hoc|iPhone.Build.0 = Release|Any CPU
		{FDF392EF-462C-4889-B446-8236D7346D80}.Ad-Hoc|iPhoneSimulator.ActiveCfg = Release|Any CPU
		{FDF392EF-462C-4889-B446-8236D7346D80}.Ad-Hoc|iPhoneSimulator.Build.0 = Release|Any CPU
		{FDF392EF-462C-4889-B446-8236D7346D80}.Ad-Hoc|x64.ActiveCfg = Release|Any CPU
		{FDF392EF-462C-4889-B446-8236D7346D80}.Ad-Hoc|x64.Build.0 = Release|Any CPU
		{FDF392EF-462C-4889-B446-8236D7346D80}.Ad-Hoc|x86.ActiveCfg = Release|Any CPU
		{FDF392EF-462C-4889-B446-8236D7346D80}.Ad-Hoc|x86.Build.0 = Release|Any CPU
		{FDF392EF-462C-4889-B446-8236D7346D80}.AppStore|Any CPU.ActiveCfg = Release|Any CPU
		{FDF392EF-462C-4889-B446-8236D7346D80}.AppStore|Any CPU.Build.0 = Release|Any CPU
		{FDF392EF-462C-4889-B446-8236D7346D80}.AppStore|ARM.ActiveCfg = Release|Any CPU
		{FDF392EF-462C-4889-B446-8236D7346D80}.AppStore|ARM.Build.0 = Release|Any CPU
		{FDF392EF-462C-4889-B446-8236D7346D80}.AppStore|iPhone.ActiveCfg = Release|Any CPU
		{FDF392EF-462C-4889-B446-8236D7346D80}.AppStore|iPhone.Build.0 = Release|Any CPU
		{FDF392EF-462C-4889-B446-8236D7346D80}.AppStore|iPhoneSimulator.ActiveCfg = Release|Any CPU
		{FDF392EF-462C-4889-B446-8236D7346D80}.AppStore|iPhoneSimulator.Build.0 = Release|Any CPU
		{FDF392EF-462C-4889-B446-8236D7346D80}.AppStore|x64.ActiveCfg = Release|Any CPU
		{FDF392EF-462C-4889-B446-8236D7346D80}.AppStore|x64.Build.0 = Release|Any CPU
		{FDF392EF-462C-4889-B446-8236D7346D80}.AppStore|x86.ActiveCfg = Release|Any CPU
		{FDF392EF-462C-4889-B446-8236D7346D80}.AppStore|x86.Build.0 = Release|Any CPU
		{FDF392EF-462C-4889-B446-8236D7346D80}.Debug|Any CPU.ActiveCfg = Debug|Any CPU
		{FDF392EF-462C-4889-B446-8236D7346D80}.Debug|Any CPU.Build.0 = Debug|Any CPU
		{FDF392EF-462C-4889-B446-8236D7346D80}.Debug|ARM.ActiveCfg = Debug|Any CPU
		{FDF392EF-462C-4889-B446-8236D7346D80}.Debug|ARM.Build.0 = Debug|Any CPU
		{FDF392EF-462C-4889-B446-8236D7346D80}.Debug|iPhone.ActiveCfg = Debug|Any CPU
		{FDF392EF-462C-4889-B446-8236D7346D80}.Debug|iPhone.Build.0 = Debug|Any CPU
		{FDF392EF-462C-4889-B446-8236D7346D80}.Debug|iPhoneSimulator.ActiveCfg = Debug|Any CPU
		{FDF392EF-462C-4889-B446-8236D7346D80}.Debug|iPhoneSimulator.Build.0 = Debug|Any CPU
		{FDF392EF-462C-4889-B446-8236D7346D80}.Debug|x64.ActiveCfg = Debug|Any CPU
		{FDF392EF-462C-4889-B446-8236D7346D80}.Debug|x64.Build.0 = Debug|Any CPU
		{FDF392EF-462C-4889-B446-8236D7346D80}.Debug|x86.ActiveCfg = Debug|Any CPU
		{FDF392EF-462C-4889-B446-8236D7346D80}.Debug|x86.Build.0 = Debug|Any CPU
		{FDF392EF-462C-4889-B446-8236D7346D80}.Release|Any CPU.ActiveCfg = Release|Any CPU
		{FDF392EF-462C-4889-B446-8236D7346D80}.Release|Any CPU.Build.0 = Release|Any CPU
		{FDF392EF-462C-4889-B446-8236D7346D80}.Release|ARM.ActiveCfg = Release|Any CPU
		{FDF392EF-462C-4889-B446-8236D7346D80}.Release|ARM.Build.0 = Release|Any CPU
		{FDF392EF-462C-4889-B446-8236D7346D80}.Release|iPhone.ActiveCfg = Release|Any CPU
		{FDF392EF-462C-4889-B446-8236D7346D80}.Release|iPhone.Build.0 = Release|Any CPU
		{FDF392EF-462C-4889-B446-8236D7346D80}.Release|iPhoneSimulator.ActiveCfg = Release|Any CPU
		{FDF392EF-462C-4889-B446-8236D7346D80}.Release|iPhoneSimulator.Build.0 = Release|Any CPU
		{FDF392EF-462C-4889-B446-8236D7346D80}.Release|x64.ActiveCfg = Release|Any CPU
		{FDF392EF-462C-4889-B446-8236D7346D80}.Release|x64.Build.0 = Release|Any CPU
		{FDF392EF-462C-4889-B446-8236D7346D80}.Release|x86.ActiveCfg = Release|Any CPU
		{FDF392EF-462C-4889-B446-8236D7346D80}.Release|x86.Build.0 = Release|Any CPU
	EndGlobalSection
	GlobalSection(SolutionProperties) = preSolution
		HideSolutionNode = FALSE
	EndGlobalSection
	GlobalSection(ExtensibilityGlobals) = postSolution
		SolutionGuid = {505E77B1-4AC0-4B7C-837A-7B1773FD907A}
	EndGlobalSection
EndGlobal
